
Microsoft Visual Studio Solution File, Format Version 12.00
# Visual Studio Version 17
VisualStudioVersion = 17.14.36811.4
MinimumVisualStudioVersion = 10.0.40219.1
Project("{FAE04EC0-301F-11D3-BF4B-00C04F79EFBC}") = "Atmosync.Api", "Atmosync.Api.csproj", "{35DB6B4C-B31D-4CFF-BEE6-E54CBF15E78F}"
EndProject
Project("{FAE04EC0-301F-11D3-BF4B-00C04F79EFBC}") = "Atmosync.Shared", "..\Atmosync.Shared\Atmosync.Shared.csproj", "{46358FB5-7278-48D7-9D0B-D7C1DFDB3182}"
EndProject
Project("{FAE04EC0-301F-11D3-BF4B-00C04F79EFBC}") = "Atmosync.Web", "..\Atmosync.Web\Atmosync.Web.csproj", "{890C97FC-54D4-4565-A539-5BC3D6F6B930}"
EndProject
Global
	GlobalSection(SolutionConfigurationPlatforms) = preSolution
		Debug|Any CPU = Debug|Any CPU
		Release|Any CPU = Release|Any CPU
	EndGlobalSection
	GlobalSection(ProjectConfigurationPlatforms) = postSolution
		{35DB6B4C-B31D-4CFF-BEE6-E54CBF15E78F}.Debug|Any CPU.ActiveCfg = Debug|Any CPU
		{35DB6B4C-B31D-4CFF-BEE6-E54CBF15E78F}.Debug|Any CPU.Build.0 = Debug|Any CPU
		{35DB6B4C-B31D-4CFF-BEE6-E54CBF15E78F}.Release|Any CPU.ActiveCfg = Release|Any CPU
		{35DB6B4C-B31D-4CFF-BEE6-E54CBF15E78F}.Release|Any CPU.Build.0 = Release|Any CPU
		{46358FB5-7278-48D7-9D0B-D7C1DFDB3182}.Debug|Any CPU.ActiveCfg = Debug|Any CPU
		{46358FB5-7278-48D7-9D0B-D7C1DFDB3182}.Debug|Any CPU.Build.0 = Debug|Any CPU
		{46358FB5-7278-48D7-9D0B-D7C1DFDB3182}.Release|Any CPU.ActiveCfg = Release|Any CPU
		{46358FB5-7278-48D7-9D0B-D7C1DFDB3182}.Release|Any CPU.Build.0 = Release|Any CPU
		{890C97FC-54D4-4565-A539-5BC3D6F6B930}.Debug|Any CPU.ActiveCfg = Debug|Any CPU
		{890C97FC-54D4-4565-A539-5BC3D6F6B930}.Debug|Any CPU.Build.0 = Debug|Any CPU
		{890C97FC-54D4-4565-A539-5BC3D6F6B930}.Release|Any CPU.ActiveCfg = Release|Any CPU
		{890C97FC-54D4-4565-A539-5BC3D6F6B930}.Release|Any CPU.Build.0 = Release|Any CPU
	EndGlobalSection
	GlobalSection(SolutionProperties) = preSolution
		HideSolutionNode = FALSE
	EndGlobalSection
	GlobalSection(ExtensibilityGlobals) = postSolution
		SolutionGuid = {6B8C0658-15BB-4DC6-8BCA-EE3A757801AB}
	EndGlobalSection
EndGlobal
